// !$*UTF8*$!
{
	archiveVersion = 1;
	classes = {
	};
	objectVersion = 46;
	objects = {

/* Begin PBXBuildFile section */
		D4124AE414EA1B7D00A244C2 /* Default.png in Resources */ = {isa = PBXBuildFile; fileRef = D4124AE314EA1B7D00A244C2 /* Default.png */; };
		D4124AE614EA1B9200A244C2 /* Default@2x.png in Resources */ = {isa = PBXBuildFile; fileRef = D4124AE514EA1B9200A244C2 /* Default@2x.png */; };
		D4124AE814EA1B9800A244C2 /* 57.png in Resources */ = {isa = PBXBuildFile; fileRef = D4124AE714EA1B9800A244C2 /* 57.png */; };
		D4124AEA14EA1B9C00A244C2 /* 114.png in Resources */ = {isa = PBXBuildFile; fileRef = D4124AE914EA1B9C00A244C2 /* 114.png */; };
		D437415614E47062004F03B8 /* CPLBranchView.m in Sources */ = {isa = PBXBuildFile; fileRef = D437415414E47062004F03B8 /* CPLBranchView.m */; };
		D437415714E47062004F03B8 /* CPLBranchView.xib in Resources */ = {isa = PBXBuildFile; fileRef = D437415514E47062004F03B8 /* CPLBranchView.xib */; };
		D438B36F16012C7A00C11B77 /* CPLBranchFullScheduleView.m in Sources */ = {isa = PBXBuildFile; fileRef = D438B36D16012C7A00C11B77 /* CPLBranchFullScheduleView.m */; };
		D438B37016012C7A00C11B77 /* CPLBranchFullScheduleView.xib in Resources */ = {isa = PBXBuildFile; fileRef = D438B36E16012C7A00C11B77 /* CPLBranchFullScheduleView.xib */; };
		D441D4F314CE39FF00FBF71A /* CoreLocation.framework in Frameworks */ = {isa = PBXBuildFile; fileRef = D441D4F214CE39FF00FBF71A /* CoreLocation.framework */; };
		D482C2871601650D005A2FD0 /* CPLBranch.m in Sources */ = {isa = PBXBuildFile; fileRef = D482C2861601650D005A2FD0 /* CPLBranch.m */; };
		D48F70B314CDF82000ABB169 /* UIKit.framework in Frameworks */ = {isa = PBXBuildFile; fileRef = D48F70B214CDF82000ABB169 /* UIKit.framework */; };
		D48F70B514CDF82000ABB169 /* Foundation.framework in Frameworks */ = {isa = PBXBuildFile; fileRef = D48F70B414CDF82000ABB169 /* Foundation.framework */; };
		D48F70B714CDF82000ABB169 /* CoreGraphics.framework in Frameworks */ = {isa = PBXBuildFile; fileRef = D48F70B614CDF82000ABB169 /* CoreGraphics.framework */; };
		D48F70BD14CDF82000ABB169 /* InfoPlist.strings in Resources */ = {isa = PBXBuildFile; fileRef = D48F70BB14CDF82000ABB169 /* InfoPlist.strings */; };
		D48F70BF14CDF82000ABB169 /* main.m in Sources */ = {isa = PBXBuildFile; fileRef = D48F70BE14CDF82000ABB169 /* main.m */; };
		D48F70C314CDF82000ABB169 /* CPLAppDelegate.m in Sources */ = {isa = PBXBuildFile; fileRef = D48F70C214CDF82000ABB169 /* CPLAppDelegate.m */; };
		D49EE39D14E9BC4000198FF6 /* CPLBranchListingView.m in Sources */ = {isa = PBXBuildFile; fileRef = D49EE39B14E9BC4000198FF6 /* CPLBranchListingView.m */; };
		D49EE39E14E9BC4000198FF6 /* CPLBranchListingView.xib in Resources */ = {isa = PBXBuildFile; fileRef = D49EE39C14E9BC4000198FF6 /* CPLBranchListingView.xib */; };
		D4B2063D16540B5900DD3EC3 /* icplassets in Resources */ = {isa = PBXBuildFile; fileRef = D4B2063C16540B5900DD3EC3 /* icplassets */; };
		D4F997C014EA18970073C784 /* TODO.md in Resources */ = {isa = PBXBuildFile; fileRef = D4F997BF14EA18970073C784 /* TODO.md */; };
		D4FB071A14CDFB6500FE4B0D /* CPLFirstView.m in Sources */ = {isa = PBXBuildFile; fileRef = D4FB071814CDFB6500FE4B0D /* CPLFirstView.m */; };
		D4FB071B14CDFB6500FE4B0D /* CPLFirstView.xib in Resources */ = {isa = PBXBuildFile; fileRef = D4FB071914CDFB6500FE4B0D /* CPLFirstView.xib */; };
/* End PBXBuildFile section */

/* Begin PBXFileReference section */
		D4124AE314EA1B7D00A244C2 /* Default.png */ = {isa = PBXFileReference; lastKnownFileType = image.png; name = Default.png; path = ../Default.png; sourceTree = "<group>"; };
		D4124AE514EA1B9200A244C2 /* Default@2x.png */ = {isa = PBXFileReference; lastKnownFileType = image.png; name = "Default@2x.png"; path = "../Default@2x.png"; sourceTree = "<group>"; };
		D4124AE714EA1B9800A244C2 /* 57.png */ = {isa = PBXFileReference; lastKnownFileType = image.png; name = 57.png; path = ../57.png; sourceTree = "<group>"; };
		D4124AE914EA1B9C00A244C2 /* 114.png */ = {isa = PBXFileReference; lastKnownFileType = image.png; name = 114.png; path = ../114.png; sourceTree = "<group>"; };
		D437415314E47062004F03B8 /* CPLBranchView.h */ = {isa = PBXFileReference; fileEncoding = 4; lastKnownFileType = sourcecode.c.h; path = CPLBranchView.h; sourceTree = "<group>"; };
		D437415414E47062004F03B8 /* CPLBranchView.m */ = {isa = PBXFileReference; fileEncoding = 4; lastKnownFileType = sourcecode.c.objc; path = CPLBranchView.m; sourceTree = "<group>"; };
		D437415514E47062004F03B8 /* CPLBranchView.xib */ = {isa = PBXFileReference; fileEncoding = 4; lastKnownFileType = file.xib; path = CPLBranchView.xib; sourceTree = "<group>"; };
		D438B36C16012C7A00C11B77 /* CPLBranchFullScheduleView.h */ = {isa = PBXFileReference; fileEncoding = 4; lastKnownFileType = sourcecode.c.h; path = CPLBranchFullScheduleView.h; sourceTree = "<group>"; };
		D438B36D16012C7A00C11B77 /* CPLBranchFullScheduleView.m */ = {isa = PBXFileReference; fileEncoding = 4; lastKnownFileType = sourcecode.c.objc; path = CPLBranchFullScheduleView.m; sourceTree = "<group>"; };
		D438B36E16012C7A00C11B77 /* CPLBranchFullScheduleView.xib */ = {isa = PBXFileReference; fileEncoding = 4; lastKnownFileType = file.xib; path = CPLBranchFullScheduleView.xib; sourceTree = "<group>"; };
		D441D4F214CE39FF00FBF71A /* CoreLocation.framework */ = {isa = PBXFileReference; lastKnownFileType = wrapper.framework; name = CoreLocation.framework; path = System/Library/Frameworks/CoreLocation.framework; sourceTree = SDKROOT; };
		D441D50514CE3A7300FBF71A /* CPLConstants.h */ = {isa = PBXFileReference; fileEncoding = 4; lastKnownFileType = sourcecode.c.h; path = CPLConstants.h; sourceTree = "<group>"; };
		D482C2851601650D005A2FD0 /* CPLBranch.h */ = {isa = PBXFileReference; fileEncoding = 4; lastKnownFileType = sourcecode.c.h; path = CPLBranch.h; sourceTree = "<group>"; };
		D482C2861601650D005A2FD0 /* CPLBranch.m */ = {isa = PBXFileReference; fileEncoding = 4; lastKnownFileType = sourcecode.c.objc; path = CPLBranch.m; sourceTree = "<group>"; };
		D48F70AE14CDF82000ABB169 /* iCPL.app */ = {isa = PBXFileReference; explicitFileType = wrapper.application; includeInIndex = 0; path = iCPL.app; sourceTree = BUILT_PRODUCTS_DIR; };
		D48F70B214CDF82000ABB169 /* UIKit.framework */ = {isa = PBXFileReference; lastKnownFileType = wrapper.framework; name = UIKit.framework; path = System/Library/Frameworks/UIKit.framework; sourceTree = SDKROOT; };
		D48F70B414CDF82000ABB169 /* Foundation.framework */ = {isa = PBXFileReference; lastKnownFileType = wrapper.framework; name = Foundation.framework; path = System/Library/Frameworks/Foundation.framework; sourceTree = SDKROOT; };
		D48F70B614CDF82000ABB169 /* CoreGraphics.framework */ = {isa = PBXFileReference; lastKnownFileType = wrapper.framework; name = CoreGraphics.framework; path = System/Library/Frameworks/CoreGraphics.framework; sourceTree = SDKROOT; };
		D48F70BA14CDF82000ABB169 /* iCPL-Info.plist */ = {isa = PBXFileReference; lastKnownFileType = text.plist.xml; path = "iCPL-Info.plist"; sourceTree = "<group>"; };
		D48F70BC14CDF82000ABB169 /* en */ = {isa = PBXFileReference; lastKnownFileType = text.plist.strings; name = en; path = en.lproj/InfoPlist.strings; sourceTree = "<group>"; };
		D48F70BE14CDF82000ABB169 /* main.m */ = {isa = PBXFileReference; lastKnownFileType = sourcecode.c.objc; path = main.m; sourceTree = "<group>"; };
		D48F70C014CDF82000ABB169 /* iCPL-Prefix.pch */ = {isa = PBXFileReference; lastKnownFileType = sourcecode.c.h; path = "iCPL-Prefix.pch"; sourceTree = "<group>"; };
		D48F70C114CDF82000ABB169 /* CPLAppDelegate.h */ = {isa = PBXFileReference; lastKnownFileType = sourcecode.c.h; path = CPLAppDelegate.h; sourceTree = "<group>"; };
		D48F70C214CDF82000ABB169 /* CPLAppDelegate.m */ = {isa = PBXFileReference; lastKnownFileType = sourcecode.c.objc; path = CPLAppDelegate.m; sourceTree = "<group>"; };
		D49EE39A14E9BC4000198FF6 /* CPLBranchListingView.h */ = {isa = PBXFileReference; fileEncoding = 4; lastKnownFileType = sourcecode.c.h; path = CPLBranchListingView.h; sourceTree = "<group>"; };
		D49EE39B14E9BC4000198FF6 /* CPLBranchListingView.m */ = {isa = PBXFileReference; fileEncoding = 4; lastKnownFileType = sourcecode.c.objc; path = CPLBranchListingView.m; sourceTree = "<group>"; };
		D49EE39C14E9BC4000198FF6 /* CPLBranchListingView.xib */ = {isa = PBXFileReference; fileEncoding = 4; lastKnownFileType = file.xib; path = CPLBranchListingView.xib; sourceTree = "<group>"; };
		D4B2063C16540B5900DD3EC3 /* icplassets */ = {isa = PBXFileReference; lastKnownFileType = folder; path = icplassets; sourceTree = SOURCE_ROOT; };
		D4F997BF14EA18970073C784 /* TODO.md */ = {isa = PBXFileReference; fileEncoding = 4; lastKnownFileType = text; path = TODO.md; sourceTree = "<group>"; };
		D4FB071714CDFB6500FE4B0D /* CPLFirstView.h */ = {isa = PBXFileReference; fileEncoding = 4; lastKnownFileType = sourcecode.c.h; path = CPLFirstView.h; sourceTree = "<group>"; };
		D4FB071814CDFB6500FE4B0D /* CPLFirstView.m */ = {isa = PBXFileReference; fileEncoding = 4; lastKnownFileType = sourcecode.c.objc; path = CPLFirstView.m; sourceTree = "<group>"; };
		D4FB071914CDFB6500FE4B0D /* CPLFirstView.xib */ = {isa = PBXFileReference; fileEncoding = 4; lastKnownFileType = file.xib; path = CPLFirstView.xib; sourceTree = "<group>"; };
/* End PBXFileReference section */

/* Begin PBXFrameworksBuildPhase section */
		D48F70AB14CDF82000ABB169 /* Frameworks */ = {
			isa = PBXFrameworksBuildPhase;
			buildActionMask = 2147483647;
			files = (
				D48F70B314CDF82000ABB169 /* UIKit.framework in Frameworks */,
				D48F70B514CDF82000ABB169 /* Foundation.framework in Frameworks */,
				D48F70B714CDF82000ABB169 /* CoreGraphics.framework in Frameworks */,
				D441D4F314CE39FF00FBF71A /* CoreLocation.framework in Frameworks */,
			);
			runOnlyForDeploymentPostprocessing = 0;
		};
/* End PBXFrameworksBuildPhase section */

/* Begin PBXGroup section */
		D400D14114CDFF22009473CB /* Assets */ = {
			isa = PBXGroup;
			children = (
				D4B2063C16540B5900DD3EC3 /* icplassets */,
				D4124AE214EA1B4300A244C2 /* Launch Images */,
				D4124AE114EA1B2A00A244C2 /* App Icon Images */,
			);
			name = Assets;
			path = iCPL;
			sourceTree = "<group>";
		};
		D4124ADF14EA1B0700A244C2 /* Classes */ = {
			isa = PBXGroup;
			children = (
				D482C283160164E0005A2FD0 /* CPLBranch */,
				D4FB071614CDFA8400FE4B0D /* First View */,
				D49EE39814E9BC1200198FF6 /* Branch Listing */,
			);
			name = Classes;
			sourceTree = "<group>";
		};
		D4124AE114EA1B2A00A244C2 /* App Icon Images */ = {
			isa = PBXGroup;
			children = (
				D4124AE714EA1B9800A244C2 /* 57.png */,
				D4124AE914EA1B9C00A244C2 /* 114.png */,
			);
			name = "App Icon Images";
			sourceTree = "<group>";
		};
		D4124AE214EA1B4300A244C2 /* Launch Images */ = {
			isa = PBXGroup;
			children = (
				D4124AE314EA1B7D00A244C2 /* Default.png */,
				D4124AE514EA1B9200A244C2 /* Default@2x.png */,
			);
			name = "Launch Images";
			sourceTree = "<group>";
		};
		D438B37216012C7F00C11B77 /* CPLBranchFullScheduleView */ = {
			isa = PBXGroup;
			children = (
				D438B36C16012C7A00C11B77 /* CPLBranchFullScheduleView.h */,
				D438B36D16012C7A00C11B77 /* CPLBranchFullScheduleView.m */,
				D438B36E16012C7A00C11B77 /* CPLBranchFullScheduleView.xib */,
			);
			name = CPLBranchFullScheduleView;
			sourceTree = "<group>";
		};
		D441D50A14CE3A8900FBF71A /* Branch View */ = {
			isa = PBXGroup;
			children = (
				D437415314E47062004F03B8 /* CPLBranchView.h */,
				D437415414E47062004F03B8 /* CPLBranchView.m */,
				D437415514E47062004F03B8 /* CPLBranchView.xib */,
				D438B37216012C7F00C11B77 /* CPLBranchFullScheduleView */,
			);
			name = "Branch View";
			sourceTree = "<group>";
		};
		D482C283160164E0005A2FD0 /* CPLBranch */ = {
			isa = PBXGroup;
			children = (
				D482C2851601650D005A2FD0 /* CPLBranch.h */,
				D482C2861601650D005A2FD0 /* CPLBranch.m */,
			);
			name = CPLBranch;
			sourceTree = "<group>";
		};
		D48F70A314CDF82000ABB169 = {
			isa = PBXGroup;
			children = (
				D4F997BF14EA18970073C784 /* TODO.md */,
				D48F70B814CDF82000ABB169 /* iCPL */,
				D400D14114CDFF22009473CB /* Assets */,
				D48F70B114CDF82000ABB169 /* Frameworks */,
				D48F70AF14CDF82000ABB169 /* Products */,
			);
			sourceTree = "<group>";
		};
		D48F70AF14CDF82000ABB169 /* Products */ = {
			isa = PBXGroup;
			children = (
				D48F70AE14CDF82000ABB169 /* iCPL.app */,
			);
			name = Products;
			sourceTree = "<group>";
		};
		D48F70B114CDF82000ABB169 /* Frameworks */ = {
			isa = PBXGroup;
			children = (
				D48F70B214CDF82000ABB169 /* UIKit.framework */,
				D48F70B414CDF82000ABB169 /* Foundation.framework */,
				D48F70B614CDF82000ABB169 /* CoreGraphics.framework */,
				D441D4F214CE39FF00FBF71A /* CoreLocation.framework */,
			);
			name = Frameworks;
			sourceTree = "<group>";
		};
		D48F70B814CDF82000ABB169 /* iCPL */ = {
			isa = PBXGroup;
			children = (
				D48F70C114CDF82000ABB169 /* CPLAppDelegate.h */,
				D48F70C214CDF82000ABB169 /* CPLAppDelegate.m */,
				D441D50514CE3A7300FBF71A /* CPLConstants.h */,
				D4124ADF14EA1B0700A244C2 /* Classes */,
				D48F70B914CDF82000ABB169 /* Supporting Files */,
			);
			path = iCPL;
			sourceTree = "<group>";
		};
		D48F70B914CDF82000ABB169 /* Supporting Files */ = {
			isa = PBXGroup;
			children = (
				D48F70BA14CDF82000ABB169 /* iCPL-Info.plist */,
				D48F70BB14CDF82000ABB169 /* InfoPlist.strings */,
				D48F70BE14CDF82000ABB169 /* main.m */,
				D48F70C014CDF82000ABB169 /* iCPL-Prefix.pch */,
			);
			name = "Supporting Files";
			sourceTree = "<group>";
		};
		D49EE39814E9BC1200198FF6 /* Branch Listing */ = {
			isa = PBXGroup;
			children = (
				D49EE39A14E9BC4000198FF6 /* CPLBranchListingView.h */,
				D49EE39B14E9BC4000198FF6 /* CPLBranchListingView.m */,
				D49EE39C14E9BC4000198FF6 /* CPLBranchListingView.xib */,
				D441D50A14CE3A8900FBF71A /* Branch View */,
			);
			name = "Branch Listing";
			sourceTree = "<group>";
		};
		D4FB071614CDFA8400FE4B0D /* First View */ = {
			isa = PBXGroup;
			children = (
				D4FB071714CDFB6500FE4B0D /* CPLFirstView.h */,
				D4FB071814CDFB6500FE4B0D /* CPLFirstView.m */,
				D4FB071914CDFB6500FE4B0D /* CPLFirstView.xib */,
			);
			name = "First View";
			sourceTree = "<group>";
		};
/* End PBXGroup section */

/* Begin PBXNativeTarget section */
		D48F70AD14CDF82000ABB169 /* iCPL */ = {
			isa = PBXNativeTarget;
			buildConfigurationList = D48F70CC14CDF82000ABB169 /* Build configuration list for PBXNativeTarget "iCPL" */;
			buildPhases = (
				D48F70AA14CDF82000ABB169 /* Sources */,
				D48F70AB14CDF82000ABB169 /* Frameworks */,
				D48F70AC14CDF82000ABB169 /* Resources */,
			);
			buildRules = (
			);
			dependencies = (
			);
			name = iCPL;
			productName = iCPL;
			productReference = D48F70AE14CDF82000ABB169 /* iCPL.app */;
			productType = "com.apple.product-type.application";
		};
/* End PBXNativeTarget section */

/* Begin PBXProject section */
		D48F70A514CDF82000ABB169 /* Project object */ = {
			isa = PBXProject;
			attributes = {
				LastUpgradeCheck = 0420;
				ORGANIZATIONNAME = "Bits and Books";
			};
			buildConfigurationList = D48F70A814CDF82000ABB169 /* Build configuration list for PBXProject "iCPL" */;
			compatibilityVersion = "Xcode 3.2";
			developmentRegion = English;
			hasScannedForEncodings = 0;
			knownRegions = (
				en,
			);
			mainGroup = D48F70A314CDF82000ABB169;
			productRefGroup = D48F70AF14CDF82000ABB169 /* Products */;
			projectDirPath = "";
			projectRoot = "";
			targets = (
				D48F70AD14CDF82000ABB169 /* iCPL */,
			);
		};
/* End PBXProject section */

/* Begin PBXResourcesBuildPhase section */
		D48F70AC14CDF82000ABB169 /* Resources */ = {
			isa = PBXResourcesBuildPhase;
			buildActionMask = 2147483647;
			files = (
				D48F70BD14CDF82000ABB169 /* InfoPlist.strings in Resources */,
				D4FB071B14CDFB6500FE4B0D /* CPLFirstView.xib in Resources */,
				D437415714E47062004F03B8 /* CPLBranchView.xib in Resources */,
				D49EE39E14E9BC4000198FF6 /* CPLBranchListingView.xib in Resources */,
				D4F997C014EA18970073C784 /* TODO.md in Resources */,
				D4124AE414EA1B7D00A244C2 /* Default.png in Resources */,
				D4124AE614EA1B9200A244C2 /* Default@2x.png in Resources */,
				D4124AE814EA1B9800A244C2 /* 57.png in Resources */,
				D4124AEA14EA1B9C00A244C2 /* 114.png in Resources */,
				D438B37016012C7A00C11B77 /* CPLBranchFullScheduleView.xib in Resources */,
				D4B2063D16540B5900DD3EC3 /* icplassets in Resources */,
			);
			runOnlyForDeploymentPostprocessing = 0;
		};
/* End PBXResourcesBuildPhase section */

/* Begin PBXSourcesBuildPhase section */
		D48F70AA14CDF82000ABB169 /* Sources */ = {
			isa = PBXSourcesBuildPhase;
			buildActionMask = 2147483647;
			files = (
				D48F70BF14CDF82000ABB169 /* main.m in Sources */,
				D48F70C314CDF82000ABB169 /* CPLAppDelegate.m in Sources */,
				D4FB071A14CDFB6500FE4B0D /* CPLFirstView.m in Sources */,
				D437415614E47062004F03B8 /* CPLBranchView.m in Sources */,
				D49EE39D14E9BC4000198FF6 /* CPLBranchListingView.m in Sources */,
				D438B36F16012C7A00C11B77 /* CPLBranchFullScheduleView.m in Sources */,
				D482C2871601650D005A2FD0 /* CPLBranch.m in Sources */,
			);
			runOnlyForDeploymentPostprocessing = 0;
		};
/* End PBXSourcesBuildPhase section */

/* Begin PBXVariantGroup section */
		D48F70BB14CDF82000ABB169 /* InfoPlist.strings */ = {
			isa = PBXVariantGroup;
			children = (
				D48F70BC14CDF82000ABB169 /* en */,
			);
			name = InfoPlist.strings;
			sourceTree = "<group>";
		};
/* End PBXVariantGroup section */

/* Begin XCBuildConfiguration section */
		D48F70CA14CDF82000ABB169 /* Debug */ = {
			isa = XCBuildConfiguration;
			buildSettings = {
				ALWAYS_SEARCH_USER_PATHS = NO;
				ARCHS = "$(ARCHS_STANDARD_32_BIT)";
				"CODE_SIGN_IDENTITY[sdk=iphoneos*]" = "iPhone Developer";
				COPY_PHASE_STRIP = NO;
				GCC_C_LANGUAGE_STANDARD = gnu99;
				GCC_DYNAMIC_NO_PIC = NO;
				GCC_OPTIMIZATION_LEVEL = 0;
				GCC_PREPROCESSOR_DEFINITIONS = (
					"DEBUG=1",
					"$(inherited)",
				);
				GCC_SYMBOLS_PRIVATE_EXTERN = NO;
				GCC_VERSION = com.apple.compilers.llvm.clang.1_0;
				GCC_WARN_ABOUT_MISSING_PROTOTYPES = YES;
				GCC_WARN_ABOUT_RETURN_TYPE = YES;
				GCC_WARN_UNUSED_VARIABLE = YES;
				IPHONEOS_DEPLOYMENT_TARGET = 5.0;
				SDKROOT = iphoneos;
			};
			name = Debug;
		};
		D48F70CB14CDF82000ABB169 /* Release */ = {
			isa = XCBuildConfiguration;
			buildSettings = {
				ALWAYS_SEARCH_USER_PATHS = NO;
				ARCHS = "$(ARCHS_STANDARD_32_BIT)";
				"CODE_SIGN_IDENTITY[sdk=iphoneos*]" = "iPhone Developer";
				COPY_PHASE_STRIP = YES;
				GCC_C_LANGUAGE_STANDARD = gnu99;
				GCC_VERSION = com.apple.compilers.llvm.clang.1_0;
				GCC_WARN_ABOUT_MISSING_PROTOTYPES = YES;
				GCC_WARN_ABOUT_RETURN_TYPE = YES;
				GCC_WARN_UNUSED_VARIABLE = YES;
				IPHONEOS_DEPLOYMENT_TARGET = 5.0;
				OTHER_CFLAGS = "-DNS_BLOCK_ASSERTIONS=1";
				SDKROOT = iphoneos;
				VALIDATE_PRODUCT = YES;
			};
			name = Release;
		};
		D48F70CD14CDF82000ABB169 /* Debug */ = {
			isa = XCBuildConfiguration;
			buildSettings = {
				CLANG_ENABLE_OBJC_ARC = YES;
				CODE_SIGN_IDENTITY = "iPhone Developer";
				"CODE_SIGN_IDENTITY[sdk=iphoneos*]" = "iPhone Developer: Robert Dumas (9FU86X98Z8)";
				GCC_PRECOMPILE_PREFIX_HEADER = YES;
				GCC_PREFIX_HEADER = "iCPL/iCPL-Prefix.pch";
				INFOPLIST_FILE = "iCPL/iCPL-Info.plist";
				IPHONEOS_DEPLOYMENT_TARGET = 5.0;
				PRODUCT_NAME = "$(TARGET_NAME)";
				PROVISIONING_PROFILE = "";
				"PROVISIONING_PROFILE[sdk=iphoneos*]" = "DBBE3535-CBD4-4019-90B6-E487B835B46F";
				TARGETED_DEVICE_FAMILY = 1;
				WRAPPER_EXTENSION = app;
			};
			name = Debug;
		};
		D48F70CE14CDF82000ABB169 /* Release */ = {
			isa = XCBuildConfiguration;
			buildSettings = {
				CLANG_ENABLE_OBJC_ARC = YES;
				CODE_SIGN_IDENTITY = "iPhone Developer";
				"CODE_SIGN_IDENTITY[sdk=iphoneos*]" = "";
				GCC_PRECOMPILE_PREFIX_HEADER = YES;
				GCC_PREFIX_HEADER = "iCPL/iCPL-Prefix.pch";
				INFOPLIST_FILE = "iCPL/iCPL-Info.plist";
				IPHONEOS_DEPLOYMENT_TARGET = 5.0;
				PRODUCT_NAME = "$(TARGET_NAME)";
				PROVISIONING_PROFILE = "";
				TARGETED_DEVICE_FAMILY = 1;
				WRAPPER_EXTENSION = app;
			};
			name = Release;
		};
/* End XCBuildConfiguration section */

/* Begin XCConfigurationList section */
		D48F70A814CDF82000ABB169 /* Build configuration list for PBXProject "iCPL" */ = {
			isa = XCConfigurationList;
			buildConfigurations = (
				D48F70CA14CDF82000ABB169 /* Debug */,
				D48F70CB14CDF82000ABB169 /* Release */,
			);
			defaultConfigurationIsVisible = 0;
			defaultConfigurationName = Release;
		};
		D48F70CC14CDF82000ABB169 /* Build configuration list for PBXNativeTarget "iCPL" */ = {
			isa = XCConfigurationList;
			buildConfigurations = (
				D48F70CD14CDF82000ABB169 /* Debug */,
				D48F70CE14CDF82000ABB169 /* Release */,
			);
			defaultConfigurationIsVisible = 0;
			defaultConfigurationName = Release;
		};
/* End XCConfigurationList section */
	};
	rootObject = D48F70A514CDF82000ABB169 /* Project object */;
}
